
Microsoft Visual Studio Solution File, Format Version 12.00
# Visual Studio Version 17
VisualStudioVersion = 17.8.34330.188
MinimumVisualStudioVersion = 10.0.40219.1
Project("{FAE04EC0-301F-11D3-BF4B-00C04F79EFBC}") = "threads", "threads\threads.csproj", "{790C6C57-F489-4577-BE7F-0C8685743C7E}"
EndProject
Global
	GlobalSection(SolutionConfigurationPlatforms) = preSolution
		Debug|Any CPU = Debug|Any CPU
		Release|Any CPU = Release|Any CPU
	EndGlobalSection
	GlobalSection(ProjectConfigurationPlatforms) = postSolution
		{790C6C57-F489-4577-BE7F-0C8685743C7E}.Debug|Any CPU.ActiveCfg = Debug|Any CPU
		{790C6C57-F489-4577-BE7F-0C8685743C7E}.Debug|Any CPU.Build.0 = Debug|Any CPU
		{790C6C57-F489-4577-BE7F-0C8685743C7E}.Release|Any CPU.ActiveCfg = Release|Any CPU
		{790C6C57-F489-4577-BE7F-0C8685743C7E}.Release|Any CPU.Build.0 = Release|Any CPU
	EndGlobalSection
	GlobalSection(SolutionProperties) = preSolution
		HideSolutionNode = FALSE
	EndGlobalSection
	GlobalSection(ExtensibilityGlobals) = postSolution
		SolutionGuid = {AB59A2DE-3EDE-4937-A19C-C351030AC4C2}
	EndGlobalSection
EndGlobal
